// !$*UTF8*$!
{
	archiveVersion = 1;
	classes = {
	};
	objectVersion = 48;
	objects = {

/* Begin PBXBuildFile section */
		04391C11201C3F5C00AE7BFD /* AppDelegate.swift in Sources */ = {isa = PBXBuildFile; fileRef = 04391C10201C3F5C00AE7BFD /* AppDelegate.swift */; };
		04391C13201C3F5C00AE7BFD /* ViewController.swift in Sources */ = {isa = PBXBuildFile; fileRef = 04391C12201C3F5C00AE7BFD /* ViewController.swift */; };
		04391C16201C3F5D00AE7BFD /* Main.storyboard in Resources */ = {isa = PBXBuildFile; fileRef = 04391C14201C3F5D00AE7BFD /* Main.storyboard */; };
		04391C18201C3F5D00AE7BFD /* Assets.xcassets in Resources */ = {isa = PBXBuildFile; fileRef = 04391C17201C3F5D00AE7BFD /* Assets.xcassets */; };
		04391C1B201C3F5D00AE7BFD /* LaunchScreen.storyboard in Resources */ = {isa = PBXBuildFile; fileRef = 04391C19201C3F5D00AE7BFD /* LaunchScreen.storyboard */; };
		04391C23201C408900AE7BFD /* Observable.swift in Sources */ = {isa = PBXBuildFile; fileRef = 04391C22201C408900AE7BFD /* Observable.swift */; };
		04391C25201D1FD900AE7BFD /* BoundTextField.swift in Sources */ = {isa = PBXBuildFile; fileRef = 04391C24201D1FD900AE7BFD /* BoundTextField.swift */; };
/* End PBXBuildFile section */

/* Begin PBXFileReference section */
		04391C0D201C3F5C00AE7BFD /* Binding In Practice.app */ = {isa = PBXFileReference; explicitFileType = wrapper.application; includeInIndex = 0; path = "Binding In Practice.app"; sourceTree = BUILT_PRODUCTS_DIR; };
		04391C10201C3F5C00AE7BFD /* AppDelegate.swift */ = {isa = PBXFileReference; lastKnownFileType = sourcecode.swift; path = AppDelegate.swift; sourceTree = "<group>"; };
		04391C12201C3F5C00AE7BFD /* ViewController.swift */ = {isa = PBXFileReference; lastKnownFileType = sourcecode.swift; path = ViewController.swift; sourceTree = "<group>"; };
		04391C15201C3F5D00AE7BFD /* Base */ = {isa = PBXFileReference; lastKnownFileType = file.storyboard; name = Base; path = Base.lproj/Main.storyboard; sourceTree = "<group>"; };
		04391C17201C3F5D00AE7BFD /* Assets.xcassets */ = {isa = PBXFileReference; lastKnownFileType = folder.assetcatalog; path = Assets.xcassets; sourceTree = "<group>"; };
		04391C1A201C3F5D00AE7BFD /* Base */ = {isa = PBXFileReference; lastKnownFileType = file.storyboard; name = Base; path = Base.lproj/LaunchScreen.storyboard; sourceTree = "<group>"; };
		04391C1C201C3F5D00AE7BFD /* Info.plist */ = {isa = PBXFileReference; lastKnownFileType = text.plist.xml; path = Info.plist; sourceTree = "<group>"; };
		04391C22201C408900AE7BFD /* Observable.swift */ = {isa = PBXFileReference; lastKnownFileType = sourcecode.swift; path = Observable.swift; sourceTree = "<group>"; };
		04391C24201D1FD900AE7BFD /* BoundTextField.swift */ = {isa = PBXFileReference; lastKnownFileType = sourcecode.swift; path = BoundTextField.swift; sourceTree = "<group>"; };
/* End PBXFileReference section */

/* Begin PBXFrameworksBuildPhase section */
		04391C0A201C3F5C00AE7BFD /* Frameworks */ = {
			isa = PBXFrameworksBuildPhase;
			buildActionMask = 2147483647;
			files = (
			);
			runOnlyForDeploymentPostprocessing = 0;
		};
/* End PBXFrameworksBuildPhase section */

/* Begin PBXGroup section */
		04391C04201C3F5C00AE7BFD = {
			isa = PBXGroup;
			children = (
				04391C0F201C3F5C00AE7BFD /* Binding In Practice */,
				04391C0E201C3F5C00AE7BFD /* Products */,
			);
			sourceTree = "<group>";
		};
		04391C0E201C3F5C00AE7BFD /* Products */ = {
			isa = PBXGroup;
			children = (
				04391C0D201C3F5C00AE7BFD /* Binding In Practice.app */,
			);
			name = Products;
			sourceTree = "<group>";
		};
		04391C0F201C3F5C00AE7BFD /* Binding In Practice */ = {
			isa = PBXGroup;
			children = (
				04391C10201C3F5C00AE7BFD /* AppDelegate.swift */,
				04391C12201C3F5C00AE7BFD /* ViewController.swift */,
				04391C22201C408900AE7BFD /* Observable.swift */,
				04391C24201D1FD900AE7BFD /* BoundTextField.swift */,
				04391C14201C3F5D00AE7BFD /* Main.storyboard */,
				04391C17201C3F5D00AE7BFD /* Assets.xcassets */,
				04391C19201C3F5D00AE7BFD /* LaunchScreen.storyboard */,
				04391C1C201C3F5D00AE7BFD /* Info.plist */,
			);
			path = "Binding In Practice";
			sourceTree = "<group>";
		};
/* End PBXGroup section */

/* Begin PBXNativeTarget section */
		04391C0C201C3F5C00AE7BFD /* Binding In Practice */ = {
			isa = PBXNativeTarget;
			buildConfigurationList = 04391C1F201C3F5D00AE7BFD /* Build configuration list for PBXNativeTarget "Binding In Practice" */;
			buildPhases = (
				04391C09201C3F5C00AE7BFD /* Sources */,
				04391C0A201C3F5C00AE7BFD /* Frameworks */,
				04391C0B201C3F5C00AE7BFD /* Resources */,
			);
			buildRules = (
			);
			dependencies = (
			);
			name = "Binding In Practice";
			productName = "Binding In Practice";
			productReference = 04391C0D201C3F5C00AE7BFD /* Binding In Practice.app */;
			productType = "com.apple.product-type.application";
		};
/* End PBXNativeTarget section */

/* Begin PBXProject section */
		04391C05201C3F5C00AE7BFD /* Project object */ = {
			isa = PBXProject;
			attributes = {
				LastSwiftUpdateCheck = 0920;
				LastUpgradeCheck = 0920;
				ORGANIZATIONNAME = Ollis;
				TargetAttributes = {
					04391C0C201C3F5C00AE7BFD = {
						CreatedOnToolsVersion = 9.2;
						ProvisioningStyle = Automatic;
					};
				};
			};
			buildConfigurationList = 04391C08201C3F5C00AE7BFD /* Build configuration list for PBXProject "Binding In Practice" */;
			compatibilityVersion = "Xcode 8.0";
			developmentRegion = en;
			hasScannedForEncodings = 0;
			knownRegions = (
				en,
				Base,
			);
			mainGroup = 04391C04201C3F5C00AE7BFD;
			productRefGroup = 04391C0E201C3F5C00AE7BFD /* Products */;
			projectDirPath = "";
			projectRoot = "";
			targets = (
				04391C0C201C3F5C00AE7BFD /* Binding In Practice */,
			);
		};
/* End PBXProject section */

/* Begin PBXResourcesBuildPhase section */
		04391C0B201C3F5C00AE7BFD /* Resources */ = {
			isa = PBXResourcesBuildPhase;
			buildActionMask = 2147483647;
			files = (
				04391C1B201C3F5D00AE7BFD /* LaunchScreen.storyboard in Resources */,
				04391C18201C3F5D00AE7BFD /* Assets.xcassets in Resources */,
				04391C16201C3F5D00AE7BFD /* Main.storyboard in Resources */,
			);
			runOnlyForDeploymentPostprocessing = 0;
		};
/* End PBXResourcesBuildPhase section */

/* Begin PBXSourcesBuildPhase section */
		04391C09201C3F5C00AE7BFD /* Sources */ = {
			isa = PBXSourcesBuildPhase;
			buildActionMask = 2147483647;
			files = (
				04391C25201D1FD900AE7BFD /* BoundTextField.swift in Sources */,
				04391C13201C3F5C00AE7BFD /* ViewController.swift in Sources */,
				04391C23201C408900AE7BFD /* Observable.swift in Sources */,
				04391C11201C3F5C00AE7BFD /* AppDelegate.swift in Sources */,
			);
			runOnlyForDeploymentPostprocessing = 0;
		};
/* End PBXSourcesBuildPhase section */

/* Begin PBXVariantGroup section */
		04391C14201C3F5D00AE7BFD /* Main.storyboard */ = {
			isa = PBXVariantGroup;
			children = (
				04391C15201C3F5D00AE7BFD /* Base */,
			);
			name = Main.storyboard;
			sourceTree = "<group>";
		};
		04391C19201C3F5D00AE7BFD /* LaunchScreen.storyboard */ = {
			isa = PBXVariantGroup;
			children = (
				04391C1A201C3F5D00AE7BFD /* Base */,
			);
			name = LaunchScreen.storyboard;
			sourceTree = "<group>";
		};
/* End PBXVariantGroup section */

/* Begin XCBuildConfiguration section */
		04391C1D201C3F5D00AE7BFD /* Debug */ = {
			isa = XCBuildConfiguration;
			buildSettings = {
				ALWAYS_SEARCH_USER_PATHS = NO;
				CLANG_ANALYZER_NONNULL = YES;
				CLANG_ANALYZER_NUMBER_OBJECT_CONVERSION = YES_AGGRESSIVE;
				CLANG_CXX_LANGUAGE_STANDARD = "gnu++14";
				CLANG_CXX_LIBRARY = "libc++";
				CLANG_ENABLE_MODULES = YES;
				CLANG_ENABLE_OBJC_ARC = YES;
				CLANG_WARN_BLOCK_CAPTURE_AUTORELEASING = YES;
				CLANG_WARN_BOOL_CONVERSION = YES;
				CLANG_WARN_COMMA = YES;
				CLANG_WARN_CONSTANT_CONVERSION = YES;
				CLANG_WARN_DIRECT_OBJC_ISA_USAGE = YES_ERROR;
				CLANG_WARN_DOCUMENTATION_COMMENTS = YES;
				CLANG_WARN_EMPTY_BODY = YES;
				CLANG_WARN_ENUM_CONVERSION = YES;
				CLANG_WARN_INFINITE_RECURSION = YES;
				CLANG_WARN_INT_CONVERSION = YES;
				CLANG_WARN_NON_LITERAL_NULL_CONVERSION = YES;
				CLANG_WARN_OBJC_LITERAL_CONVERSION = YES;
				CLANG_WARN_OBJC_ROOT_CLASS = YES_ERROR;
				CLANG_WARN_RANGE_LOOP_ANALYSIS = YES;
				CLANG_WARN_STRICT_PROTOTYPES = YES;
				CLANG_WARN_SUSPICIOUS_MOVE = YES;
				CLANG_WARN_UNGUARDED_AVAILABILITY = YES_AGGRESSIVE;
				CLANG_WARN_UNREACHABLE_CODE = YES;
				CLANG_WARN__DUPLICATE_METHOD_MATCH = YES;
				CODE_SIGN_IDENTITY = "iPhone Developer";
				COPY_PHASE_STRIP = NO;
				DEBUG_INFORMATION_FORMAT = dwarf;
				ENABLE_STRICT_OBJC_MSGSEND = YES;
				ENABLE_TESTABILITY = YES;
				GCC_C_LANGUAGE_STANDARD = gnu11;
				GCC_DYNAMIC_NO_PIC = NO;
				GCC_NO_COMMON_BLOCKS = YES;
				GCC_OPTIMIZATION_LEVEL = 0;
				GCC_PREPROCESSOR_DEFINITIONS = (
					"DEBUG=1",
					"$(inherited)",
				);
				GCC_WARN_64_TO_32_BIT_CONVERSION = YES;
				GCC_WARN_ABOUT_RETURN_TYPE = YES_ERROR;
				GCC_WARN_UNDECLARED_SELECTOR = YES;
				GCC_WARN_UNINITIALIZED_AUTOS = YES_AGGRESSIVE;
				GCC_WARN_UNUSED_FUNCTION = YES;
				GCC_WARN_UNUSED_VARIABLE = YES;
				IPHONEOS_DEPLOYMENT_TARGET = 11.2;
				MTL_ENABLE_DEBUG_INFO = YES;
				ONLY_ACTIVE_ARCH = YES;
				SDKROOT = iphoneos;
				SWIFT_ACTIVE_COMPILATION_CONDITIONS = DEBUG;
				SWIFT_OPTIMIZATION_LEVEL = "-Onone";
			};
			name = Debug;
		};
		04391C1E201C3F5D00AE7BFD /* Release */ = {
			isa = XCBuildConfiguration;
			buildSettings = {
				ALWAYS_SEARCH_USER_PATHS = NO;
				CLANG_ANALYZER_NONNULL = YES;
				CLANG_ANALYZER_NUMBER_OBJECT_CONVERSION = YES_AGGRESSIVE;
				CLANG_CXX_LANGUAGE_STANDARD = "gnu++14";
				CLANG_CXX_LIBRARY = "libc++";
				CLANG_ENABLE_MODULES = YES;
				CLANG_ENABLE_OBJC_ARC = YES;
				CLANG_WARN_BLOCK_CAPTURE_AUTORELEASING = YES;
				CLANG_WARN_BOOL_CONVERSION = YES;
				CLANG_WARN_COMMA = YES;
				CLANG_WARN_CONSTANT_CONVERSION = YES;
				CLANG_WARN_DIRECT_OBJC_ISA_USAGE = YES_ERROR;
				CLANG_WARN_DOCUMENTATION_COMMENTS = YES;
				CLANG_WARN_EMPTY_BODY = YES;
				CLANG_WARN_ENUM_CONVERSION = YES;
				CLANG_WARN_INFINITE_RECURSION = YES;
				CLANG_WARN_INT_CONVERSION = YES;
				CLANG_WARN_NON_LITERAL_NULL_CONVERSION = YES;
				CLANG_WARN_OBJC_LITERAL_CONVERSION = YES;
				CLANG_WARN_OBJC_ROOT_CLASS = YES_ERROR;
				CLANG_WARN_RANGE_LOOP_ANALYSIS = YES;
				CLANG_WARN_STRICT_PROTOTYPES = YES;
				CLANG_WARN_SUSPICIOUS_MOVE = YES;
				CLANG_WARN_UNGUARDED_AVAILABILITY = YES_AGGRESSIVE;
				CLANG_WARN_UNREACHABLE_CODE = YES;
				CLANG_WARN__DUPLICATE_METHOD_MATCH = YES;
				CODE_SIGN_IDENTITY = "iPhone Developer";
				COPY_PHASE_STRIP = NO;
				DEBUG_INFORMATION_FORMAT = "dwarf-with-dsym";
				ENABLE_NS_ASSERTIONS = NO;
				ENABLE_STRICT_OBJC_MSGSEND = YES;
				GCC_C_LANGUAGE_STANDARD = gnu11;
				GCC_NO_COMMON_BLOCKS = YES;
				GCC_WARN_64_TO_32_BIT_CONVERSION = YES;
				GCC_WARN_ABOUT_RETURN_TYPE = YES_ERROR;
				GCC_WARN_UNDECLARED_SELECTOR = YES;
				GCC_WARN_UNINITIALIZED_AUTOS = YES_AGGRESSIVE;
				GCC_WARN_UNUSED_FUNCTION = YES;
				GCC_WARN_UNUSED_VARIABLE = YES;
				IPHONEOS_DEPLOYMENT_TARGET = 11.2;
				MTL_ENABLE_DEBUG_INFO = NO;
				SDKROOT = iphoneos;
				SWIFT_OPTIMIZATION_LEVEL = "-Owholemodule";
				VALIDATE_PRODUCT = YES;
			};
			name = Release;
		};
		04391C20201C3F5D00AE7BFD /* Debug */ = {
			isa = XCBuildConfiguration;
			buildSettings = {
				ASSETCATALOG_COMPILER_APPICON_NAME = AppIcon;
				CODE_SIGN_STYLE = Automatic;
				INFOPLIST_FILE = "Binding In Practice/Info.plist";
				LD_RUNPATH_SEARCH_PATHS = "$(inherited) @executable_path/Frameworks";
				PRODUCT_BUNDLE_IDENTIFIER = "digital.ollis.Binding-In-Practice";
				PRODUCT_NAME = "$(TARGET_NAME)";
				SWIFT_VERSION = 4.0;
				TARGETED_DEVICE_FAMILY = "1,2";
			};
			name = Debug;
		};
		04391C21201C3F5D00AE7BFD /* Release */ = {
			isa = XCBuildConfiguration;
			buildSettings = {
				ASSETCATALOG_COMPILER_APPICON_NAME = AppIcon;
				CODE_SIGN_STYLE = Automatic;
				INFOPLIST_FILE = "Binding In Practice/Info.plist";
				LD_RUNPATH_SEARCH_PATHS = "$(inherited) @executable_path/Frameworks";
				PRODUCT_BUNDLE_IDENTIFIER = "digital.ollis.Binding-In-Practice";
				PRODUCT_NAME = "$(TARGET_NAME)";
				SWIFT_VERSION = 4.0;
				TARGETED_DEVICE_FAMILY = "1,2";
			};
			name = Release;
		};
/* End XCBuildConfiguration section */

/* Begin XCConfigurationList section */
		04391C08201C3F5C00AE7BFD /* Build configuration list for PBXProject "Binding In Practice" */ = {
			isa = XCConfigurationList;
			buildConfigurations = (
				04391C1D201C3F5D00AE7BFD /* Debug */,
				04391C1E201C3F5D00AE7BFD /* Release */,
			);
			defaultConfigurationIsVisible = 0;
			defaultConfigurationName = Release;
		};
		04391C1F201C3F5D00AE7BFD /* Build configuration list for PBXNativeTarget "Binding In Practice" */ = {
			isa = XCConfigurationList;
			buildConfigurations = (
				04391C20201C3F5D00AE7BFD /* Debug */,
				04391C21201C3F5D00AE7BFD /* Release */,
			);
			defaultConfigurationIsVisible = 0;
			defaultConfigurationName = Release;
		};
/* End XCConfigurationList section */
	};
	rootObject = 04391C05201C3F5C00AE7BFD /* Project object */;
}
